{
  "name": "handie-jquery",
  "version": "1.0.5",
  "lockfileVersion": 1,
  "requires": true,
  "dependencies": {
    "handie": {
      "version": "1.0.8",
      "resolved": "https://registry.npmjs.org/handie/-/handie-1.0.8.tgz",
      "integrity": "sha512-1UIwQVfWIrYuQMGM3FclPVN472w99TLppSJaRHhZ5AYxE7x0R2Qqr7u2seY5YmyZfIFY5S5icpvcd+85XfJ+IQ==",
      "dev": true
    }
  }
}
