{
  "name": "handie-jquery",
  "version": "1.0.3",
  "lockfileVersion": 1,
  "requires": true,
  "dependencies": {
    "handie": {
      "version": "1.0.3",
      "resolved": "https://registry.npmjs.org/handie/-/handie-1.0.3.tgz",
      "integrity": "sha512-FpSNw5t2KklHkc71C/91miHZZCO6HHZmVJ0hjNiv5imVU/YmSXeDUI/wiEb8ut2yTxEpfTc0db1Fjtw83vAhcw==",
      "dev": true
    }
  }
}
